// !$*UTF8*$!
{
	archiveVersion = 1;
	classes = {
	};
	objectVersion = 46;
	objects = {

/* Begin PBXBuildFile section */
		AA85880D1EECA8010029C073 /* AppDelegate.swift in Sources */ = {isa = PBXBuildFile; fileRef = AA85880C1EECA8010029C073 /* AppDelegate.swift */; };
		AA85880F1EECA8010029C073 /* ViewController.swift in Sources */ = {isa = PBXBuildFile; fileRef = AA85880E1EECA8010029C073 /* ViewController.swift */; };
		AA8588121EECA8010029C073 /* Main.storyboard in Resources */ = {isa = PBXBuildFile; fileRef = AA8588101EECA8010029C073 /* Main.storyboard */; };
		AA8588141EECA8010029C073 /* Assets.xcassets in Resources */ = {isa = PBXBuildFile; fileRef = AA8588131EECA8010029C073 /* Assets.xcassets */; };
		AA8588171EECA8010029C073 /* LaunchScreen.storyboard in Resources */ = {isa = PBXBuildFile; fileRef = AA8588151EECA8010029C073 /* LaunchScreen.storyboard */; };
		AAA07B501EECB1AC000A02B4 /* Inceptionv3.mlmodel in Sources */ = {isa = PBXBuildFile; fileRef = AAA07B4F1EECB1AC000A02B4 /* Inceptionv3.mlmodel */; };
/* End PBXBuildFile section */

/* Begin PBXFileReference section */
		AA8588091EECA8010029C073 /* LiveCoreML.app */ = {isa = PBXFileReference; explicitFileType = wrapper.application; includeInIndex = 0; path = LiveCoreML.app; sourceTree = BUILT_PRODUCTS_DIR; };
		AA85880C1EECA8010029C073 /* AppDelegate.swift */ = {isa = PBXFileReference; lastKnownFileType = sourcecode.swift; path = AppDelegate.swift; sourceTree = "<group>"; };
		AA85880E1EECA8010029C073 /* ViewController.swift */ = {isa = PBXFileReference; lastKnownFileType = sourcecode.swift; path = ViewController.swift; sourceTree = "<group>"; };
		AA8588111EECA8010029C073 /* Base */ = {isa = PBXFileReference; lastKnownFileType = file.storyboard; name = Base; path = Base.lproj/Main.storyboard; sourceTree = "<group>"; };
		AA8588131EECA8010029C073 /* Assets.xcassets */ = {isa = PBXFileReference; lastKnownFileType = folder.assetcatalog; path = Assets.xcassets; sourceTree = "<group>"; };
		AA8588161EECA8010029C073 /* Base */ = {isa = PBXFileReference; lastKnownFileType = file.storyboard; name = Base; path = Base.lproj/LaunchScreen.storyboard; sourceTree = "<group>"; };
		AA8588181EECA8010029C073 /* Info.plist */ = {isa = PBXFileReference; lastKnownFileType = text.plist.xml; path = Info.plist; sourceTree = "<group>"; };
		AAA07B4F1EECB1AC000A02B4 /* Inceptionv3.mlmodel */ = {isa = PBXFileReference; lastKnownFileType = file.mlmodel; name = Inceptionv3.mlmodel; path = ../../../../Desktop/Inceptionv3.mlmodel; sourceTree = "<group>"; };
/* End PBXFileReference section */

/* Begin PBXFrameworksBuildPhase section */
		AA8588061EECA8010029C073 /* Frameworks */ = {
			isa = PBXFrameworksBuildPhase;
			buildActionMask = 2147483647;
			files = (
			);
			runOnlyForDeploymentPostprocessing = 0;
		};
/* End PBXFrameworksBuildPhase section */

/* Begin PBXGroup section */
		AA8588001EECA8010029C073 = {
			isa = PBXGroup;
			children = (
				AA85880B1EECA8010029C073 /* LiveCoreML */,
				AA85880A1EECA8010029C073 /* Products */,
			);
			sourceTree = "<group>";
		};
		AA85880A1EECA8010029C073 /* Products */ = {
			isa = PBXGroup;
			children = (
				AA8588091EECA8010029C073 /* LiveCoreML.app */,
			);
			name = Products;
			sourceTree = "<group>";
		};
		AA85880B1EECA8010029C073 /* LiveCoreML */ = {
			isa = PBXGroup;
			children = (
				AA85880C1EECA8010029C073 /* AppDelegate.swift */,
				AAA07B4F1EECB1AC000A02B4 /* Inceptionv3.mlmodel */,
				AA85880E1EECA8010029C073 /* ViewController.swift */,
				AA8588101EECA8010029C073 /* Main.storyboard */,
				AA8588131EECA8010029C073 /* Assets.xcassets */,
				AA8588151EECA8010029C073 /* LaunchScreen.storyboard */,
				AA8588181EECA8010029C073 /* Info.plist */,
			);
			path = LiveCoreML;
			sourceTree = "<group>";
		};
/* End PBXGroup section */

/* Begin PBXNativeTarget section */
		AA8588081EECA8010029C073 /* LiveCoreML */ = {
			isa = PBXNativeTarget;
			buildConfigurationList = AA85881B1EECA8010029C073 /* Build configuration list for PBXNativeTarget "LiveCoreML" */;
			buildPhases = (
				AA8588051EECA8010029C073 /* Sources */,
				AA8588061EECA8010029C073 /* Frameworks */,
				AA8588071EECA8010029C073 /* Resources */,
			);
			buildRules = (
			);
			dependencies = (
			);
			name = LiveCoreML;
			productName = LiveCoreML;
			productReference = AA8588091EECA8010029C073 /* LiveCoreML.app */;
			productType = "com.apple.product-type.application";
		};
/* End PBXNativeTarget section */

/* Begin PBXProject section */
		AA8588011EECA8010029C073 /* Project object */ = {
			isa = PBXProject;
			attributes = {
				LastSwiftUpdateCheck = 0830;
				LastUpgradeCheck = 0900;
				ORGANIZATIONNAME = "winandmac Media";
				TargetAttributes = {
					AA8588081EECA8010029C073 = {
						CreatedOnToolsVersion = 8.3.2;
						DevelopmentTeam = 2S6B5447W9;
						LastSwiftMigration = 0900;
						ProvisioningStyle = Automatic;
					};
				};
			};
			buildConfigurationList = AA8588041EECA8010029C073 /* Build configuration list for PBXProject "LiveCoreML" */;
			compatibilityVersion = "Xcode 3.2";
			developmentRegion = English;
			hasScannedForEncodings = 0;
			knownRegions = (
				en,
				Base,
			);
			mainGroup = AA8588001EECA8010029C073;
			productRefGroup = AA85880A1EECA8010029C073 /* Products */;
			projectDirPath = "";
			projectRoot = "";
			targets = (
				AA8588081EECA8010029C073 /* LiveCoreML */,
			);
		};
/* End PBXProject section */

/* Begin PBXResourcesBuildPhase section */
		AA8588071EECA8010029C073 /* Resources */ = {
			isa = PBXResourcesBuildPhase;
			buildActionMask = 2147483647;
			files = (
				AA8588171EECA8010029C073 /* LaunchScreen.storyboard in Resources */,
				AA8588141EECA8010029C073 /* Assets.xcassets in Resources */,
				AA8588121EECA8010029C073 /* Main.storyboard in Resources */,
			);
			runOnlyForDeploymentPostprocessing = 0;
		};
/* End PBXResourcesBuildPhase section */

/* Begin PBXSourcesBuildPhase section */
		AA8588051EECA8010029C073 /* Sources */ = {
			isa = PBXSourcesBuildPhase;
			buildActionMask = 2147483647;
			files = (
				AA85880F1EECA8010029C073 /* ViewController.swift in Sources */,
				AAA07B501EECB1AC000A02B4 /* Inceptionv3.mlmodel in Sources */,
				AA85880D1EECA8010029C073 /* AppDelegate.swift in Sources */,
			);
			runOnlyForDeploymentPostprocessing = 0;
		};
/* End PBXSourcesBuildPhase section */

/* Begin PBXVariantGroup section */
		AA8588101EECA8010029C073 /* Main.storyboard */ = {
			isa = PBXVariantGroup;
			children = (
				AA8588111EECA8010029C073 /* Base */,
			);
			name = Main.storyboard;
			sourceTree = "<group>";
		};
		AA8588151EECA8010029C073 /* LaunchScreen.storyboard */ = {
			isa = PBXVariantGroup;
			children = (
				AA8588161EECA8010029C073 /* Base */,
			);
			name = LaunchScreen.storyboard;
			sourceTree = "<group>";
		};
/* End PBXVariantGroup section */

/* Begin XCBuildConfiguration section */
		AA8588191EECA8010029C073 /* Debug */ = {
			isa = XCBuildConfiguration;
			buildSettings = {
				ALWAYS_SEARCH_USER_PATHS = NO;
				CLANG_ANALYZER_NONNULL = YES;
				CLANG_ANALYZER_NUMBER_OBJECT_CONVERSION = YES_AGGRESSIVE;
				CLANG_CXX_LANGUAGE_STANDARD = "gnu++0x";
				CLANG_CXX_LIBRARY = "libc++";
				CLANG_ENABLE_MODULES = YES;
				CLANG_ENABLE_OBJC_ARC = YES;
				CLANG_WARN_BLOCK_CAPTURE_AUTORELEASING = YES;
				CLANG_WARN_BOOL_CONVERSION = YES;
				CLANG_WARN_COMMA = YES;
				CLANG_WARN_CONSTANT_CONVERSION = YES;
				CLANG_WARN_DIRECT_OBJC_ISA_USAGE = YES_ERROR;
				CLANG_WARN_DOCUMENTATION_COMMENTS = YES;
				CLANG_WARN_EMPTY_BODY = YES;
				CLANG_WARN_ENUM_CONVERSION = YES;
				CLANG_WARN_INFINITE_RECURSION = YES;
				CLANG_WARN_INT_CONVERSION = YES;
				CLANG_WARN_NON_LITERAL_NULL_CONVERSION = YES;
				CLANG_WARN_OBJC_LITERAL_CONVERSION = YES;
				CLANG_WARN_OBJC_ROOT_CLASS = YES_ERROR;
				CLANG_WARN_RANGE_LOOP_ANALYSIS = YES;
				CLANG_WARN_STRICT_PROTOTYPES = YES;
				CLANG_WARN_SUSPICIOUS_MOVE = YES;
				CLANG_WARN_UNREACHABLE_CODE = YES;
				CLANG_WARN__DUPLICATE_METHOD_MATCH = YES;
				"CODE_SIGN_IDENTITY[sdk=iphoneos*]" = "iPhone Developer";
				COPY_PHASE_STRIP = NO;
				DEBUG_INFORMATION_FORMAT = dwarf;
				ENABLE_STRICT_OBJC_MSGSEND = YES;
				ENABLE_TESTABILITY = YES;
				GCC_C_LANGUAGE_STANDARD = gnu99;
				GCC_DYNAMIC_NO_PIC = NO;
				GCC_NO_COMMON_BLOCKS = YES;
				GCC_OPTIMIZATION_LEVEL = 0;
				GCC_PREPROCESSOR_DEFINITIONS = (
					"DEBUG=1",
					"$(inherited)",
				);
				GCC_WARN_64_TO_32_BIT_CONVERSION = YES;
				GCC_WARN_ABOUT_RETURN_TYPE = YES_ERROR;
				GCC_WARN_UNDECLARED_SELECTOR = YES;
				GCC_WARN_UNINITIALIZED_AUTOS = YES_AGGRESSIVE;
				GCC_WARN_UNUSED_FUNCTION = YES;
				GCC_WARN_UNUSED_VARIABLE = YES;
				IPHONEOS_DEPLOYMENT_TARGET = 10.3;
				MTL_ENABLE_DEBUG_INFO = YES;
				ONLY_ACTIVE_ARCH = YES;
				SDKROOT = iphoneos;
				SWIFT_ACTIVE_COMPILATION_CONDITIONS = DEBUG;
				SWIFT_OPTIMIZATION_LEVEL = "-Onone";
				TARGETED_DEVICE_FAMILY = "1,2";
			};
			name = Debug;
		};
		AA85881A1EECA8010029C073 /* Release */ = {
			isa = XCBuildConfiguration;
			buildSettings = {
				ALWAYS_SEARCH_USER_PATHS = NO;
				CLANG_ANALYZER_NONNULL = YES;
				CLANG_ANALYZER_NUMBER_OBJECT_CONVERSION = YES_AGGRESSIVE;
				CLANG_CXX_LANGUAGE_STANDARD = "gnu++0x";
				CLANG_CXX_LIBRARY = "libc++";
				CLANG_ENABLE_MODULES = YES;
				CLANG_ENABLE_OBJC_ARC = YES;
				CLANG_WARN_BLOCK_CAPTURE_AUTORELEASING = YES;
				CLANG_WARN_BOOL_CONVERSION = YES;
				CLANG_WARN_COMMA = YES;
				CLANG_WARN_CONSTANT_CONVERSION = YES;
				CLANG_WARN_DIRECT_OBJC_ISA_USAGE = YES_ERROR;
				CLANG_WARN_DOCUMENTATION_COMMENTS = YES;
				CLANG_WARN_EMPTY_BODY = YES;
				CLANG_WARN_ENUM_CONVERSION = YES;
				CLANG_WARN_INFINITE_RECURSION = YES;
				CLANG_WARN_INT_CONVERSION = YES;
				CLANG_WARN_NON_LITERAL_NULL_CONVERSION = YES;
				CLANG_WARN_OBJC_LITERAL_CONVERSION = YES;
				CLANG_WARN_OBJC_ROOT_CLASS = YES_ERROR;
				CLANG_WARN_RANGE_LOOP_ANALYSIS = YES;
				CLANG_WARN_STRICT_PROTOTYPES = YES;
				CLANG_WARN_SUSPICIOUS_MOVE = YES;
				CLANG_WARN_UNREACHABLE_CODE = YES;
				CLANG_WARN__DUPLICATE_METHOD_MATCH = YES;
				"CODE_SIGN_IDENTITY[sdk=iphoneos*]" = "iPhone Developer";
				COPY_PHASE_STRIP = NO;
				DEBUG_INFORMATION_FORMAT = "dwarf-with-dsym";
				ENABLE_NS_ASSERTIONS = NO;
				ENABLE_STRICT_OBJC_MSGSEND = YES;
				GCC_C_LANGUAGE_STANDARD = gnu99;
				GCC_NO_COMMON_BLOCKS = YES;
				GCC_WARN_64_TO_32_BIT_CONVERSION = YES;
				GCC_WARN_ABOUT_RETURN_TYPE = YES_ERROR;
				GCC_WARN_UNDECLARED_SELECTOR = YES;
				GCC_WARN_UNINITIALIZED_AUTOS = YES_AGGRESSIVE;
				GCC_WARN_UNUSED_FUNCTION = YES;
				GCC_WARN_UNUSED_VARIABLE = YES;
				IPHONEOS_DEPLOYMENT_TARGET = 10.3;
				MTL_ENABLE_DEBUG_INFO = NO;
				SDKROOT = iphoneos;
				SWIFT_OPTIMIZATION_LEVEL = "-Owholemodule";
				TARGETED_DEVICE_FAMILY = "1,2";
				VALIDATE_PRODUCT = YES;
			};
			name = Release;
		};
		AA85881C1EECA8010029C073 /* Debug */ = {
			isa = XCBuildConfiguration;
			buildSettings = {
				ASSETCATALOG_COMPILER_APPICON_NAME = AppIcon;
				DEVELOPMENT_TEAM = 2S6B5447W9;
				INFOPLIST_FILE = LiveCoreML/Info.plist;
				IPHONEOS_DEPLOYMENT_TARGET = 11.0;
				LD_RUNPATH_SEARCH_PATHS = "$(inherited) @executable_path/Frameworks";
				PRODUCT_BUNDLE_IDENTIFIER = com.winandmac.LiveCoreML;
				PRODUCT_NAME = "$(TARGET_NAME)";
				SWIFT_SWIFT3_OBJC_INFERENCE = On;
				SWIFT_VERSION = 4.0;
			};
			name = Debug;
		};
		AA85881D1EECA8010029C073 /* Release */ = {
			isa = XCBuildConfiguration;
			buildSettings = {
				ASSETCATALOG_COMPILER_APPICON_NAME = AppIcon;
				DEVELOPMENT_TEAM = 2S6B5447W9;
				INFOPLIST_FILE = LiveCoreML/Info.plist;
				IPHONEOS_DEPLOYMENT_TARGET = 11.0;
				LD_RUNPATH_SEARCH_PATHS = "$(inherited) @executable_path/Frameworks";
				PRODUCT_BUNDLE_IDENTIFIER = com.winandmac.LiveCoreML;
				PRODUCT_NAME = "$(TARGET_NAME)";
				SWIFT_SWIFT3_OBJC_INFERENCE = On;
				SWIFT_VERSION = 4.0;
			};
			name = Release;
		};
/* End XCBuildConfiguration section */

/* Begin XCConfigurationList section */
		AA8588041EECA8010029C073 /* Build configuration list for PBXProject "LiveCoreML" */ = {
			isa = XCConfigurationList;
			buildConfigurations = (
				AA8588191EECA8010029C073 /* Debug */,
				AA85881A1EECA8010029C073 /* Release */,
			);
			defaultConfigurationIsVisible = 0;
			defaultConfigurationName = Release;
		};
		AA85881B1EECA8010029C073 /* Build configuration list for PBXNativeTarget "LiveCoreML" */ = {
			isa = XCConfigurationList;
			buildConfigurations = (
				AA85881C1EECA8010029C073 /* Debug */,
				AA85881D1EECA8010029C073 /* Release */,
			);
			defaultConfigurationIsVisible = 0;
			defaultConfigurationName = Release;
		};
/* End XCConfigurationList section */
	};
	rootObject = AA8588011EECA8010029C073 /* Project object */;
}
